{
    "packages": {
        "monolog/monolog": "3.9.0",
        "psr/log": "3.0.2",
        "guzzlehttp/guzzle": "7.9.3",
        "guzzlehttp/promises": "2.2.0",
        "guzzlehttp/psr7": "2.7.1",
        "psr/http-factory": "1.1.0",
        "psr/http-message": "2.0",
        "ralouphie/getallheaders": "3.0.3",
        "psr/http-client": "1.0.3",
        "symfony/deprecation-contracts": "v3.6.0-BETA1"
    }
}